
Microsoft Visual Studio Solution File, Format Version 12.00
# Visual Studio 15
VisualStudioVersion = 15.0.28307.1145
MinimumVisualStudioVersion = 10.0.40219.1
Project("{F184B08F-C81C-45F6-A57F-5ABD9991F28F}") = "La_Electromecanica", "La_Electromeccanica\La_Electromecanica.vbproj", "{66883FEB-BDBB-40D0-B5A8-A269F61E08B6}"
EndProject
Global
	GlobalSection(SolutionConfigurationPlatforms) = preSolution
		Debug|Any CPU = Debug|Any CPU
		Release|Any CPU = Release|Any CPU
	EndGlobalSection
	GlobalSection(ProjectConfigurationPlatforms) = postSolution
		{66883FEB-BDBB-40D0-B5A8-A269F61E08B6}.Debug|Any CPU.ActiveCfg = Debug|Any CPU
		{66883FEB-BDBB-40D0-B5A8-A269F61E08B6}.Debug|Any CPU.Build.0 = Debug|Any CPU
		{66883FEB-BDBB-40D0-B5A8-A269F61E08B6}.Release|Any CPU.ActiveCfg = Release|Any CPU
		{66883FEB-BDBB-40D0-B5A8-A269F61E08B6}.Release|Any CPU.Build.0 = Release|Any CPU
	EndGlobalSection
	GlobalSection(SolutionProperties) = preSolution
		HideSolutionNode = FALSE
	EndGlobalSection
	GlobalSection(ExtensibilityGlobals) = postSolution
		SolutionGuid = {7F8D458F-23CB-422D-B4E6-2BFF2577FA7F}
	EndGlobalSection
EndGlobal
